// !$*UTF8*$!
{
	archiveVersion = 1;
	classes = {
	};
	objectVersion = 55;
	objects = {

/* Begin PBXBuildFile section */
		8224C68B28A66CCA008CA973 /* AppDelegate.swift in Sources */ = {isa = PBXBuildFile; fileRef = 8224C68A28A66CCA008CA973 /* AppDelegate.swift */; };
		8224C68F28A66CCA008CA973 /* HomeViewController.swift in Sources */ = {isa = PBXBuildFile; fileRef = 8224C68E28A66CCA008CA973 /* HomeViewController.swift */; };
		8224C69428A66CCB008CA973 /* Assets.xcassets in Resources */ = {isa = PBXBuildFile; fileRef = 8224C69328A66CCB008CA973 /* Assets.xcassets */; };
		8224C69728A66CCB008CA973 /* LaunchScreen.storyboard in Resources */ = {isa = PBXBuildFile; fileRef = 8224C69528A66CCB008CA973 /* LaunchScreen.storyboard */; };
		8224C6A128A66D58008CA973 /* HealthKit.framework in Frameworks */ = {isa = PBXBuildFile; fileRef = 8224C6A028A66D58008CA973 /* HealthKit.framework */; };
		8224C6A928A67312008CA973 /* HealthKitHelper.swift in Sources */ = {isa = PBXBuildFile; fileRef = 8224C6A828A67312008CA973 /* HealthKitHelper.swift */; };
		8224C6BB28A68DB2008CA973 /* DetailViewController.swift in Sources */ = {isa = PBXBuildFile; fileRef = 8224C6BA28A68DB2008CA973 /* DetailViewController.swift */; };
		8224C6BE28A68E80008CA973 /* Router.swift in Sources */ = {isa = PBXBuildFile; fileRef = 8224C6BD28A68E80008CA973 /* Router.swift */; };
		8224C6C128A68EF5008CA973 /* HomePresenter.swift in Sources */ = {isa = PBXBuildFile; fileRef = 8224C6C028A68EF5008CA973 /* HomePresenter.swift */; };
		8224C6C328A69009008CA973 /* HomeViewModel.swift in Sources */ = {isa = PBXBuildFile; fileRef = 8224C6C228A69009008CA973 /* HomeViewModel.swift */; };
		8224C6C728A69644008CA973 /* LoadingViewController.swift in Sources */ = {isa = PBXBuildFile; fileRef = 8224C6C628A69644008CA973 /* LoadingViewController.swift */; };
		8224C6CA28A69ABE008CA973 /* LoadingCellView.swift in Sources */ = {isa = PBXBuildFile; fileRef = 8224C6C928A69ABE008CA973 /* LoadingCellView.swift */; };
		8224C6CC28A69BA5008CA973 /* LoadingTableViewCell.swift in Sources */ = {isa = PBXBuildFile; fileRef = 8224C6CB28A69BA5008CA973 /* LoadingTableViewCell.swift */; };
		8224C6CF28A69BC2008CA973 /* ReusableCell.swift in Sources */ = {isa = PBXBuildFile; fileRef = 8224C6CE28A69BC2008CA973 /* ReusableCell.swift */; };
		8224C6D228A69C16008CA973 /* UITableViewCell+SwifUI.swift in Sources */ = {isa = PBXBuildFile; fileRef = 8224C6D128A69C16008CA973 /* UITableViewCell+SwifUI.swift */; };
		8224C6D428A69DAA008CA973 /* UITableView+ReusableCell.swift in Sources */ = {isa = PBXBuildFile; fileRef = 8224C6D328A69DAA008CA973 /* UITableView+ReusableCell.swift */; };
		8224C6D928A69EDE008CA973 /* CellFactory.swift in Sources */ = {isa = PBXBuildFile; fileRef = 8224C6D828A69EDE008CA973 /* CellFactory.swift */; };
		8224C6DB28A69FEB008CA973 /* HomeViewCellFactory.swift in Sources */ = {isa = PBXBuildFile; fileRef = 8224C6DA28A69FEB008CA973 /* HomeViewCellFactory.swift */; };
		8224C6DF28A6A20D008CA973 /* MessageTableViewCell.swift in Sources */ = {isa = PBXBuildFile; fileRef = 8224C6DE28A6A20D008CA973 /* MessageTableViewCell.swift */; };
		8224C6E128A6A241008CA973 /* MessageCellView.swift in Sources */ = {isa = PBXBuildFile; fileRef = 8224C6E028A6A241008CA973 /* MessageCellView.swift */; };
		8224C6E528A6A370008CA973 /* TableSource.swift in Sources */ = {isa = PBXBuildFile; fileRef = 8224C6E428A6A370008CA973 /* TableSource.swift */; };
		8224C6E728A6A7C5008CA973 /* TableSourceSection.swift in Sources */ = {isa = PBXBuildFile; fileRef = 8224C6E628A6A7C5008CA973 /* TableSourceSection.swift */; };
		8224C6E928A6A7D5008CA973 /* TableSourceRow.swift in Sources */ = {isa = PBXBuildFile; fileRef = 8224C6E828A6A7D5008CA973 /* TableSourceRow.swift */; };
		8224C6EE28A6ABAF008CA973 /* WorkoutTableViewCell.swift in Sources */ = {isa = PBXBuildFile; fileRef = 8224C6ED28A6ABAF008CA973 /* WorkoutTableViewCell.swift */; };
		8224C6F028A6BAD1008CA973 /* Double+Rounding.swift in Sources */ = {isa = PBXBuildFile; fileRef = 8224C6EF28A6BAD1008CA973 /* Double+Rounding.swift */; };
		8224C6F228A6BB05008CA973 /* HKWorkout+Utils.swift in Sources */ = {isa = PBXBuildFile; fileRef = 8224C6F128A6BB05008CA973 /* HKWorkout+Utils.swift */; };
		8224C6F528A6BB4F008CA973 /* Formatters.swift in Sources */ = {isa = PBXBuildFile; fileRef = 8224C6F428A6BB4F008CA973 /* Formatters.swift */; };
		8224C6F828A6C2B2008CA973 /* DetailPresenter.swift in Sources */ = {isa = PBXBuildFile; fileRef = 8224C6F728A6C2B2008CA973 /* DetailPresenter.swift */; };
		8224C6FD28A6DF78008CA973 /* UIView+Constraints.swift in Sources */ = {isa = PBXBuildFile; fileRef = 8224C6FC28A6DF78008CA973 /* UIView+Constraints.swift */; };
		8224C6FF28A7675C008CA973 /* Date+Components.swift in Sources */ = {isa = PBXBuildFile; fileRef = 8224C6FE28A7675C008CA973 /* Date+Components.swift */; };
		8224C70228A767E3008CA973 /* Exporter.swift in Sources */ = {isa = PBXBuildFile; fileRef = 8224C70128A767E3008CA973 /* Exporter.swift */; };
		8224C70428A7B07D008CA973 /* WorkoutView.swift in Sources */ = {isa = PBXBuildFile; fileRef = 8224C70328A7B07D008CA973 /* WorkoutView.swift */; };
		8224C70928A7CA35008CA973 /* UIApplication+Icon.swift in Sources */ = {isa = PBXBuildFile; fileRef = 8224C70828A7CA35008CA973 /* UIApplication+Icon.swift */; };
/* End PBXBuildFile section */

/* Begin PBXFileReference section */
		8224C68728A66CCA008CA973 /* GPXExporter.app */ = {isa = PBXFileReference; explicitFileType = wrapper.application; includeInIndex = 0; path = GPXExporter.app; sourceTree = BUILT_PRODUCTS_DIR; };
		8224C68A28A66CCA008CA973 /* AppDelegate.swift */ = {isa = PBXFileReference; lastKnownFileType = sourcecode.swift; path = AppDelegate.swift; sourceTree = "<group>"; };
		8224C68E28A66CCA008CA973 /* HomeViewController.swift */ = {isa = PBXFileReference; lastKnownFileType = sourcecode.swift; path = HomeViewController.swift; sourceTree = "<group>"; };
		8224C69328A66CCB008CA973 /* Assets.xcassets */ = {isa = PBXFileReference; lastKnownFileType = folder.assetcatalog; path = Assets.xcassets; sourceTree = "<group>"; };
		8224C69628A66CCB008CA973 /* Base */ = {isa = PBXFileReference; lastKnownFileType = file.storyboard; name = Base; path = Base.lproj/LaunchScreen.storyboard; sourceTree = "<group>"; };
		8224C69E28A66D58008CA973 /* GPXExporter.entitlements */ = {isa = PBXFileReference; lastKnownFileType = text.plist.entitlements; path = GPXExporter.entitlements; sourceTree = "<group>"; };
		8224C6A028A66D58008CA973 /* HealthKit.framework */ = {isa = PBXFileReference; lastKnownFileType = wrapper.framework; name = HealthKit.framework; path = System/Library/Frameworks/HealthKit.framework; sourceTree = SDKROOT; };
		8224C6A828A67312008CA973 /* HealthKitHelper.swift */ = {isa = PBXFileReference; lastKnownFileType = sourcecode.swift; path = HealthKitHelper.swift; sourceTree = "<group>"; };
		8224C6BA28A68DB2008CA973 /* DetailViewController.swift */ = {isa = PBXFileReference; lastKnownFileType = sourcecode.swift; path = DetailViewController.swift; sourceTree = "<group>"; };
		8224C6BD28A68E80008CA973 /* Router.swift */ = {isa = PBXFileReference; lastKnownFileType = sourcecode.swift; path = Router.swift; sourceTree = "<group>"; };
		8224C6C028A68EF5008CA973 /* HomePresenter.swift */ = {isa = PBXFileReference; lastKnownFileType = sourcecode.swift; path = HomePresenter.swift; sourceTree = "<group>"; };
		8224C6C228A69009008CA973 /* HomeViewModel.swift */ = {isa = PBXFileReference; lastKnownFileType = sourcecode.swift; path = HomeViewModel.swift; sourceTree = "<group>"; };
		8224C6C628A69644008CA973 /* LoadingViewController.swift */ = {isa = PBXFileReference; lastKnownFileType = sourcecode.swift; path = LoadingViewController.swift; sourceTree = "<group>"; };
		8224C6C928A69ABE008CA973 /* LoadingCellView.swift */ = {isa = PBXFileReference; lastKnownFileType = sourcecode.swift; path = LoadingCellView.swift; sourceTree = "<group>"; };
		8224C6CB28A69BA5008CA973 /* LoadingTableViewCell.swift */ = {isa = PBXFileReference; lastKnownFileType = sourcecode.swift; path = LoadingTableViewCell.swift; sourceTree = "<group>"; };
		8224C6CE28A69BC2008CA973 /* ReusableCell.swift */ = {isa = PBXFileReference; lastKnownFileType = sourcecode.swift; path = ReusableCell.swift; sourceTree = "<group>"; };
		8224C6D128A69C16008CA973 /* UITableViewCell+SwifUI.swift */ = {isa = PBXFileReference; lastKnownFileType = sourcecode.swift; path = "UITableViewCell+SwifUI.swift"; sourceTree = "<group>"; };
		8224C6D328A69DAA008CA973 /* UITableView+ReusableCell.swift */ = {isa = PBXFileReference; lastKnownFileType = sourcecode.swift; path = "UITableView+ReusableCell.swift"; sourceTree = "<group>"; };
		8224C6D828A69EDE008CA973 /* CellFactory.swift */ = {isa = PBXFileReference; lastKnownFileType = sourcecode.swift; path = CellFactory.swift; sourceTree = "<group>"; };
		8224C6DA28A69FEB008CA973 /* HomeViewCellFactory.swift */ = {isa = PBXFileReference; lastKnownFileType = sourcecode.swift; path = HomeViewCellFactory.swift; sourceTree = "<group>"; };
		8224C6DE28A6A20D008CA973 /* MessageTableViewCell.swift */ = {isa = PBXFileReference; lastKnownFileType = sourcecode.swift; path = MessageTableViewCell.swift; sourceTree = "<group>"; };
		8224C6E028A6A241008CA973 /* MessageCellView.swift */ = {isa = PBXFileReference; lastKnownFileType = sourcecode.swift; path = MessageCellView.swift; sourceTree = "<group>"; };
		8224C6E428A6A370008CA973 /* TableSource.swift */ = {isa = PBXFileReference; lastKnownFileType = sourcecode.swift; path = TableSource.swift; sourceTree = "<group>"; };
		8224C6E628A6A7C5008CA973 /* TableSourceSection.swift */ = {isa = PBXFileReference; lastKnownFileType = sourcecode.swift; path = TableSourceSection.swift; sourceTree = "<group>"; };
		8224C6E828A6A7D5008CA973 /* TableSourceRow.swift */ = {isa = PBXFileReference; lastKnownFileType = sourcecode.swift; path = TableSourceRow.swift; sourceTree = "<group>"; };
		8224C6ED28A6ABAF008CA973 /* WorkoutTableViewCell.swift */ = {isa = PBXFileReference; lastKnownFileType = sourcecode.swift; path = WorkoutTableViewCell.swift; sourceTree = "<group>"; };
		8224C6EF28A6BAD1008CA973 /* Double+Rounding.swift */ = {isa = PBXFileReference; lastKnownFileType = sourcecode.swift; path = "Double+Rounding.swift"; sourceTree = "<group>"; };
		8224C6F128A6BB05008CA973 /* HKWorkout+Utils.swift */ = {isa = PBXFileReference; lastKnownFileType = sourcecode.swift; path = "HKWorkout+Utils.swift"; sourceTree = "<group>"; };
		8224C6F428A6BB4F008CA973 /* Formatters.swift */ = {isa = PBXFileReference; lastKnownFileType = sourcecode.swift; path = Formatters.swift; sourceTree = "<group>"; };
		8224C6F728A6C2B2008CA973 /* DetailPresenter.swift */ = {isa = PBXFileReference; lastKnownFileType = sourcecode.swift; path = DetailPresenter.swift; sourceTree = "<group>"; };
		8224C6FC28A6DF78008CA973 /* UIView+Constraints.swift */ = {isa = PBXFileReference; lastKnownFileType = sourcecode.swift; path = "UIView+Constraints.swift"; sourceTree = "<group>"; };
		8224C6FE28A7675C008CA973 /* Date+Components.swift */ = {isa = PBXFileReference; lastKnownFileType = sourcecode.swift; path = "Date+Components.swift"; sourceTree = "<group>"; };
		8224C70128A767E3008CA973 /* Exporter.swift */ = {isa = PBXFileReference; lastKnownFileType = sourcecode.swift; path = Exporter.swift; sourceTree = "<group>"; };
		8224C70328A7B07D008CA973 /* WorkoutView.swift */ = {isa = PBXFileReference; lastKnownFileType = sourcecode.swift; path = WorkoutView.swift; sourceTree = "<group>"; };
		8224C70828A7CA35008CA973 /* UIApplication+Icon.swift */ = {isa = PBXFileReference; lastKnownFileType = sourcecode.swift; path = "UIApplication+Icon.swift"; sourceTree = "<group>"; };
/* End PBXFileReference section */

/* Begin PBXFrameworksBuildPhase section */
		8224C68428A66CCA008CA973 /* Frameworks */ = {
			isa = PBXFrameworksBuildPhase;
			buildActionMask = 2147483647;
			files = (
				8224C6A128A66D58008CA973 /* HealthKit.framework in Frameworks */,
			);
			runOnlyForDeploymentPostprocessing = 0;
		};
/* End PBXFrameworksBuildPhase section */

/* Begin PBXGroup section */
		8224C67E28A66CCA008CA973 = {
			isa = PBXGroup;
			children = (
				8224C68928A66CCA008CA973 /* GPXExporter */,
				8224C68828A66CCA008CA973 /* Products */,
				8224C69F28A66D58008CA973 /* Frameworks */,
			);
			sourceTree = "<group>";
		};
		8224C68828A66CCA008CA973 /* Products */ = {
			isa = PBXGroup;
			children = (
				8224C68728A66CCA008CA973 /* GPXExporter.app */,
			);
			name = Products;
			sourceTree = "<group>";
		};
		8224C68928A66CCA008CA973 /* GPXExporter */ = {
			isa = PBXGroup;
			children = (
				8224C6A628A672D3008CA973 /* Business */,
				8224C6A328A671FC008CA973 /* UI */,
				8224C68A28A66CCA008CA973 /* AppDelegate.swift */,
				8224C69E28A66D58008CA973 /* GPXExporter.entitlements */,
			);
			path = GPXExporter;
			sourceTree = "<group>";
		};
		8224C69F28A66D58008CA973 /* Frameworks */ = {
			isa = PBXGroup;
			children = (
				8224C6A028A66D58008CA973 /* HealthKit.framework */,
			);
			name = Frameworks;
			sourceTree = "<group>";
		};
		8224C6A328A671FC008CA973 /* UI */ = {
			isa = PBXGroup;
			children = (
				8224C6B828A68D96008CA973 /* Detail */,
				8224C6A428A671FF008CA973 /* Home */,
				8224C6BC28A68E67008CA973 /* Routers */,
				8224C6C428A69633008CA973 /* Shared */,
				8224C69328A66CCB008CA973 /* Assets.xcassets */,
				8224C69528A66CCB008CA973 /* LaunchScreen.storyboard */,
			);
			path = UI;
			sourceTree = "<group>";
		};
		8224C6A428A671FF008CA973 /* Home */ = {
			isa = PBXGroup;
			children = (
				8224C6BF28A68EE3008CA973 /* Presenters */,
				8224C6AE28A6875F008CA973 /* ViewModels */,
				8224C6A528A67205008CA973 /* Views */,
			);
			path = Home;
			sourceTree = "<group>";
		};
		8224C6A528A67205008CA973 /* Views */ = {
			isa = PBXGroup;
			children = (
				8224C6C828A69AAC008CA973 /* Cells */,
				8224C68E28A66CCA008CA973 /* HomeViewController.swift */,
			);
			path = Views;
			sourceTree = "<group>";
		};
		8224C6A628A672D3008CA973 /* Business */ = {
			isa = PBXGroup;
			children = (
				8224C70128A767E3008CA973 /* Exporter.swift */,
				8224C6A828A67312008CA973 /* HealthKitHelper.swift */,
			);
			path = Business;
			sourceTree = "<group>";
		};
		8224C6AE28A6875F008CA973 /* ViewModels */ = {
			isa = PBXGroup;
			children = (
				8224C6C228A69009008CA973 /* HomeViewModel.swift */,
			);
			path = ViewModels;
			sourceTree = "<group>";
		};
		8224C6B828A68D96008CA973 /* Detail */ = {
			isa = PBXGroup;
			children = (
				8224C6F628A6C2A2008CA973 /* Presenters */,
				8224C6B928A68D9E008CA973 /* Views */,
			);
			path = Detail;
			sourceTree = "<group>";
		};
		8224C6B928A68D9E008CA973 /* Views */ = {
			isa = PBXGroup;
			children = (
				8224C6BA28A68DB2008CA973 /* DetailViewController.swift */,
			);
			path = Views;
			sourceTree = "<group>";
		};
		8224C6BC28A68E67008CA973 /* Routers */ = {
			isa = PBXGroup;
			children = (
				8224C6BD28A68E80008CA973 /* Router.swift */,
			);
			path = Routers;
			sourceTree = "<group>";
		};
		8224C6BF28A68EE3008CA973 /* Presenters */ = {
			isa = PBXGroup;
			children = (
				8224C6C028A68EF5008CA973 /* HomePresenter.swift */,
			);
			path = Presenters;
			sourceTree = "<group>";
		};
		8224C6C428A69633008CA973 /* Shared */ = {
			isa = PBXGroup;
			children = (
				8224C6E228A6A35D008CA973 /* Components */,
				8224C6D628A69EBB008CA973 /* Controllers */,
				8224C6D028A69C03008CA973 /* Extensions */,
				8224C6CD28A69BB8008CA973 /* Protocols */,
				8224C70528A7B4F2008CA973 /* Views */,
			);
			path = Shared;
			sourceTree = "<group>";
		};
		8224C6C828A69AAC008CA973 /* Cells */ = {
			isa = PBXGroup;
			children = (
				8224C6DC28A6A1F0008CA973 /* Loading */,
				8224C6DD28A6A1FE008CA973 /* Message */,
				8224C6EA28A6AADB008CA973 /* Workout */,
				8224C6DA28A69FEB008CA973 /* HomeViewCellFactory.swift */,
			);
			path = Cells;
			sourceTree = "<group>";
		};
		8224C6CD28A69BB8008CA973 /* Protocols */ = {
			isa = PBXGroup;
			children = (
				8224C6CE28A69BC2008CA973 /* ReusableCell.swift */,
			);
			path = Protocols;
			sourceTree = "<group>";
		};
		8224C6D028A69C03008CA973 /* Extensions */ = {
			isa = PBXGroup;
			children = (
				8224C6FE28A7675C008CA973 /* Date+Components.swift */,
				8224C6EF28A6BAD1008CA973 /* Double+Rounding.swift */,
				8224C6F128A6BB05008CA973 /* HKWorkout+Utils.swift */,
				8224C70828A7CA35008CA973 /* UIApplication+Icon.swift */,
				8224C6D328A69DAA008CA973 /* UITableView+ReusableCell.swift */,
				8224C6D128A69C16008CA973 /* UITableViewCell+SwifUI.swift */,
				8224C6FC28A6DF78008CA973 /* UIView+Constraints.swift */,
			);
			path = Extensions;
			sourceTree = "<group>";
		};
		8224C6D628A69EBB008CA973 /* Controllers */ = {
			isa = PBXGroup;
			children = (
				8224C6C628A69644008CA973 /* LoadingViewController.swift */,
			);
			path = Controllers;
			sourceTree = "<group>";
		};
		8224C6DC28A6A1F0008CA973 /* Loading */ = {
			isa = PBXGroup;
			children = (
				8224C6C928A69ABE008CA973 /* LoadingCellView.swift */,
				8224C6CB28A69BA5008CA973 /* LoadingTableViewCell.swift */,
			);
			path = Loading;
			sourceTree = "<group>";
		};
		8224C6DD28A6A1FE008CA973 /* Message */ = {
			isa = PBXGroup;
			children = (
				8224C6E028A6A241008CA973 /* MessageCellView.swift */,
				8224C6DE28A6A20D008CA973 /* MessageTableViewCell.swift */,
			);
			path = Message;
			sourceTree = "<group>";
		};
		8224C6E228A6A35D008CA973 /* Components */ = {
			isa = PBXGroup;
			children = (
				8224C6D828A69EDE008CA973 /* CellFactory.swift */,
				8224C6F428A6BB4F008CA973 /* Formatters.swift */,
				8224C6E428A6A370008CA973 /* TableSource.swift */,
				8224C6E828A6A7D5008CA973 /* TableSourceRow.swift */,
				8224C6E628A6A7C5008CA973 /* TableSourceSection.swift */,
			);
			path = Components;
			sourceTree = "<group>";
		};
		8224C6EA28A6AADB008CA973 /* Workout */ = {
			isa = PBXGroup;
			children = (
				8224C6ED28A6ABAF008CA973 /* WorkoutTableViewCell.swift */,
			);
			path = Workout;
			sourceTree = "<group>";
		};
		8224C6F628A6C2A2008CA973 /* Presenters */ = {
			isa = PBXGroup;
			children = (
				8224C6F728A6C2B2008CA973 /* DetailPresenter.swift */,
			);
			path = Presenters;
			sourceTree = "<group>";
		};
		8224C70528A7B4F2008CA973 /* Views */ = {
			isa = PBXGroup;
			children = (
				8224C70328A7B07D008CA973 /* WorkoutView.swift */,
			);
			path = Views;
			sourceTree = "<group>";
		};
/* End PBXGroup section */

/* Begin PBXNativeTarget section */
		8224C68628A66CCA008CA973 /* GPXExporter */ = {
			isa = PBXNativeTarget;
			buildConfigurationList = 8224C69B28A66CCB008CA973 /* Build configuration list for PBXNativeTarget "GPXExporter" */;
			buildPhases = (
				8224C6A228A66E63008CA973 /* SwiftFormat */,
				8224C68328A66CCA008CA973 /* Sources */,
				8224C68428A66CCA008CA973 /* Frameworks */,
				8224C68528A66CCA008CA973 /* Resources */,
			);
			buildRules = (
			);
			dependencies = (
			);
			name = GPXExporter;
			productName = GPXExporter;
			productReference = 8224C68728A66CCA008CA973 /* GPXExporter.app */;
			productType = "com.apple.product-type.application";
		};
/* End PBXNativeTarget section */

/* Begin PBXProject section */
		8224C67F28A66CCA008CA973 /* Project object */ = {
			isa = PBXProject;
			attributes = {
				BuildIndependentTargetsInParallel = 1;
				LastSwiftUpdateCheck = 1340;
				LastUpgradeCheck = 1340;
				TargetAttributes = {
					8224C68628A66CCA008CA973 = {
						CreatedOnToolsVersion = 13.4.1;
					};
				};
			};
			buildConfigurationList = 8224C68228A66CCA008CA973 /* Build configuration list for PBXProject "GPXExporter" */;
			compatibilityVersion = "Xcode 13.0";
			developmentRegion = en;
			hasScannedForEncodings = 0;
			knownRegions = (
				en,
				Base,
			);
			mainGroup = 8224C67E28A66CCA008CA973;
			productRefGroup = 8224C68828A66CCA008CA973 /* Products */;
			projectDirPath = "";
			projectRoot = "";
			targets = (
				8224C68628A66CCA008CA973 /* GPXExporter */,
			);
		};
/* End PBXProject section */

/* Begin PBXResourcesBuildPhase section */
		8224C68528A66CCA008CA973 /* Resources */ = {
			isa = PBXResourcesBuildPhase;
			buildActionMask = 2147483647;
			files = (
				8224C69728A66CCB008CA973 /* LaunchScreen.storyboard in Resources */,
				8224C69428A66CCB008CA973 /* Assets.xcassets in Resources */,
			);
			runOnlyForDeploymentPostprocessing = 0;
		};
/* End PBXResourcesBuildPhase section */

/* Begin PBXShellScriptBuildPhase section */
		8224C6A228A66E63008CA973 /* SwiftFormat */ = {
			isa = PBXShellScriptBuildPhase;
			buildActionMask = 2147483647;
			files = (
			);
			inputFileListPaths = (
			);
			inputPaths = (
			);
			name = SwiftFormat;
			outputFileListPaths = (
			);
			outputPaths = (
			);
			runOnlyForDeploymentPostprocessing = 0;
			shellPath = /bin/sh;
			shellScript = "BuildTools/format.sh\n";
		};
/* End PBXShellScriptBuildPhase section */

/* Begin PBXSourcesBuildPhase section */
		8224C68328A66CCA008CA973 /* Sources */ = {
			isa = PBXSourcesBuildPhase;
			buildActionMask = 2147483647;
			files = (
				8224C6E728A6A7C5008CA973 /* TableSourceSection.swift in Sources */,
				8224C6E528A6A370008CA973 /* TableSource.swift in Sources */,
				8224C6F228A6BB05008CA973 /* HKWorkout+Utils.swift in Sources */,
				8224C6FF28A7675C008CA973 /* Date+Components.swift in Sources */,
				8224C6F528A6BB4F008CA973 /* Formatters.swift in Sources */,
				8224C6C328A69009008CA973 /* HomeViewModel.swift in Sources */,
				8224C6E928A6A7D5008CA973 /* TableSourceRow.swift in Sources */,
				8224C6CC28A69BA5008CA973 /* LoadingTableViewCell.swift in Sources */,
				8224C6E128A6A241008CA973 /* MessageCellView.swift in Sources */,
				8224C70428A7B07D008CA973 /* WorkoutView.swift in Sources */,
				8224C6DB28A69FEB008CA973 /* HomeViewCellFactory.swift in Sources */,
				8224C6D928A69EDE008CA973 /* CellFactory.swift in Sources */,
				8224C6D228A69C16008CA973 /* UITableViewCell+SwifUI.swift in Sources */,
				8224C6FD28A6DF78008CA973 /* UIView+Constraints.swift in Sources */,
				8224C68F28A66CCA008CA973 /* HomeViewController.swift in Sources */,
				8224C6BE28A68E80008CA973 /* Router.swift in Sources */,
				8224C6BB28A68DB2008CA973 /* DetailViewController.swift in Sources */,
				8224C70928A7CA35008CA973 /* UIApplication+Icon.swift in Sources */,
				8224C70228A767E3008CA973 /* Exporter.swift in Sources */,
				8224C6F028A6BAD1008CA973 /* Double+Rounding.swift in Sources */,
				8224C6A928A67312008CA973 /* HealthKitHelper.swift in Sources */,
				8224C6DF28A6A20D008CA973 /* MessageTableViewCell.swift in Sources */,
				8224C6C728A69644008CA973 /* LoadingViewController.swift in Sources */,
				8224C6CA28A69ABE008CA973 /* LoadingCellView.swift in Sources */,
				8224C6EE28A6ABAF008CA973 /* WorkoutTableViewCell.swift in Sources */,
				8224C6D428A69DAA008CA973 /* UITableView+ReusableCell.swift in Sources */,
				8224C68B28A66CCA008CA973 /* AppDelegate.swift in Sources */,
				8224C6F828A6C2B2008CA973 /* DetailPresenter.swift in Sources */,
				8224C6C128A68EF5008CA973 /* HomePresenter.swift in Sources */,
				8224C6CF28A69BC2008CA973 /* ReusableCell.swift in Sources */,
			);
			runOnlyForDeploymentPostprocessing = 0;
		};
/* End PBXSourcesBuildPhase section */

/* Begin PBXVariantGroup section */
		8224C69528A66CCB008CA973 /* LaunchScreen.storyboard */ = {
			isa = PBXVariantGroup;
			children = (
				8224C69628A66CCB008CA973 /* Base */,
			);
			name = LaunchScreen.storyboard;
			sourceTree = "<group>";
		};
/* End PBXVariantGroup section */

/* Begin XCBuildConfiguration section */
		8224C69928A66CCB008CA973 /* Debug */ = {
			isa = XCBuildConfiguration;
			buildSettings = {
				ALWAYS_SEARCH_USER_PATHS = NO;
				CLANG_ANALYZER_NONNULL = YES;
				CLANG_ANALYZER_NUMBER_OBJECT_CONVERSION = YES_AGGRESSIVE;
				CLANG_CXX_LANGUAGE_STANDARD = "gnu++17";
				CLANG_ENABLE_MODULES = YES;
				CLANG_ENABLE_OBJC_ARC = YES;
				CLANG_ENABLE_OBJC_WEAK = YES;
				CLANG_WARN_BLOCK_CAPTURE_AUTORELEASING = YES;
				CLANG_WARN_BOOL_CONVERSION = YES;
				CLANG_WARN_COMMA = YES;
				CLANG_WARN_CONSTANT_CONVERSION = YES;
				CLANG_WARN_DEPRECATED_OBJC_IMPLEMENTATIONS = YES;
				CLANG_WARN_DIRECT_OBJC_ISA_USAGE = YES_ERROR;
				CLANG_WARN_DOCUMENTATION_COMMENTS = YES;
				CLANG_WARN_EMPTY_BODY = YES;
				CLANG_WARN_ENUM_CONVERSION = YES;
				CLANG_WARN_INFINITE_RECURSION = YES;
				CLANG_WARN_INT_CONVERSION = YES;
				CLANG_WARN_NON_LITERAL_NULL_CONVERSION = YES;
				CLANG_WARN_OBJC_IMPLICIT_RETAIN_SELF = YES;
				CLANG_WARN_OBJC_LITERAL_CONVERSION = YES;
				CLANG_WARN_OBJC_ROOT_CLASS = YES_ERROR;
				CLANG_WARN_QUOTED_INCLUDE_IN_FRAMEWORK_HEADER = YES;
				CLANG_WARN_RANGE_LOOP_ANALYSIS = YES;
				CLANG_WARN_STRICT_PROTOTYPES = YES;
				CLANG_WARN_SUSPICIOUS_MOVE = YES;
				CLANG_WARN_UNGUARDED_AVAILABILITY = YES_AGGRESSIVE;
				CLANG_WARN_UNREACHABLE_CODE = YES;
				CLANG_WARN__DUPLICATE_METHOD_MATCH = YES;
				COPY_PHASE_STRIP = NO;
				DEBUG_INFORMATION_FORMAT = dwarf;
				ENABLE_STRICT_OBJC_MSGSEND = YES;
				ENABLE_TESTABILITY = YES;
				GCC_C_LANGUAGE_STANDARD = gnu11;
				GCC_DYNAMIC_NO_PIC = NO;
				GCC_NO_COMMON_BLOCKS = YES;
				GCC_OPTIMIZATION_LEVEL = 0;
				GCC_PREPROCESSOR_DEFINITIONS = (
					"DEBUG=1",
					"$(inherited)",
				);
				GCC_WARN_64_TO_32_BIT_CONVERSION = YES;
				GCC_WARN_ABOUT_RETURN_TYPE = YES_ERROR;
				GCC_WARN_UNDECLARED_SELECTOR = YES;
				GCC_WARN_UNINITIALIZED_AUTOS = YES_AGGRESSIVE;
				GCC_WARN_UNUSED_FUNCTION = YES;
				GCC_WARN_UNUSED_VARIABLE = YES;
				IPHONEOS_DEPLOYMENT_TARGET = 15.5;
				MTL_ENABLE_DEBUG_INFO = INCLUDE_SOURCE;
				MTL_FAST_MATH = YES;
				ONLY_ACTIVE_ARCH = YES;
				SDKROOT = iphoneos;
				SWIFT_ACTIVE_COMPILATION_CONDITIONS = DEBUG;
				SWIFT_OPTIMIZATION_LEVEL = "-Onone";
			};
			name = Debug;
		};
		8224C69A28A66CCB008CA973 /* Release */ = {
			isa = XCBuildConfiguration;
			buildSettings = {
				ALWAYS_SEARCH_USER_PATHS = NO;
				CLANG_ANALYZER_NONNULL = YES;
				CLANG_ANALYZER_NUMBER_OBJECT_CONVERSION = YES_AGGRESSIVE;
				CLANG_CXX_LANGUAGE_STANDARD = "gnu++17";
				CLANG_ENABLE_MODULES = YES;
				CLANG_ENABLE_OBJC_ARC = YES;
				CLANG_ENABLE_OBJC_WEAK = YES;
				CLANG_WARN_BLOCK_CAPTURE_AUTORELEASING = YES;
				CLANG_WARN_BOOL_CONVERSION = YES;
				CLANG_WARN_COMMA = YES;
				CLANG_WARN_CONSTANT_CONVERSION = YES;
				CLANG_WARN_DEPRECATED_OBJC_IMPLEMENTATIONS = YES;
				CLANG_WARN_DIRECT_OBJC_ISA_USAGE = YES_ERROR;
				CLANG_WARN_DOCUMENTATION_COMMENTS = YES;
				CLANG_WARN_EMPTY_BODY = YES;
				CLANG_WARN_ENUM_CONVERSION = YES;
				CLANG_WARN_INFINITE_RECURSION = YES;
				CLANG_WARN_INT_CONVERSION = YES;
				CLANG_WARN_NON_LITERAL_NULL_CONVERSION = YES;
				CLANG_WARN_OBJC_IMPLICIT_RETAIN_SELF = YES;
				CLANG_WARN_OBJC_LITERAL_CONVERSION = YES;
				CLANG_WARN_OBJC_ROOT_CLASS = YES_ERROR;
				CLANG_WARN_QUOTED_INCLUDE_IN_FRAMEWORK_HEADER = YES;
				CLANG_WARN_RANGE_LOOP_ANALYSIS = YES;
				CLANG_WARN_STRICT_PROTOTYPES = YES;
				CLANG_WARN_SUSPICIOUS_MOVE = YES;
				CLANG_WARN_UNGUARDED_AVAILABILITY = YES_AGGRESSIVE;
				CLANG_WARN_UNREACHABLE_CODE = YES;
				CLANG_WARN__DUPLICATE_METHOD_MATCH = YES;
				COPY_PHASE_STRIP = NO;
				DEBUG_INFORMATION_FORMAT = "dwarf-with-dsym";
				ENABLE_NS_ASSERTIONS = NO;
				ENABLE_STRICT_OBJC_MSGSEND = YES;
				GCC_C_LANGUAGE_STANDARD = gnu11;
				GCC_NO_COMMON_BLOCKS = YES;
				GCC_WARN_64_TO_32_BIT_CONVERSION = YES;
				GCC_WARN_ABOUT_RETURN_TYPE = YES_ERROR;
				GCC_WARN_UNDECLARED_SELECTOR = YES;
				GCC_WARN_UNINITIALIZED_AUTOS = YES_AGGRESSIVE;
				GCC_WARN_UNUSED_FUNCTION = YES;
				GCC_WARN_UNUSED_VARIABLE = YES;
				IPHONEOS_DEPLOYMENT_TARGET = 15.5;
				MTL_ENABLE_DEBUG_INFO = NO;
				MTL_FAST_MATH = YES;
				SDKROOT = iphoneos;
				SWIFT_COMPILATION_MODE = wholemodule;
				SWIFT_OPTIMIZATION_LEVEL = "-O";
				VALIDATE_PRODUCT = YES;
			};
			name = Release;
		};
		8224C69C28A66CCB008CA973 /* Debug */ = {
			isa = XCBuildConfiguration;
			buildSettings = {
				ASSETCATALOG_COMPILER_ALTERNATE_APPICON_NAMES = "AppIcon-Dark";
				ASSETCATALOG_COMPILER_APPICON_NAME = AppIcon;
				ASSETCATALOG_COMPILER_GLOBAL_ACCENT_COLOR_NAME = AccentColor;
				ASSETCATALOG_COMPILER_INCLUDE_ALL_APPICON_ASSETS = YES;
				CODE_SIGN_ENTITLEMENTS = GPXExporter/GPXExporter.entitlements;
				CODE_SIGN_STYLE = Automatic;
				CURRENT_PROJECT_VERSION = 1;
				DEVELOPMENT_TEAM = B9F9P95LAY;
				GENERATE_INFOPLIST_FILE = YES;
				INFOPLIST_KEY_NSHealthShareUsageDescription = "Required to access workouts and their routes";
				INFOPLIST_KEY_NSLocationWhenInUseUsageDescription = "Required to show your position on the map";
				INFOPLIST_KEY_UIApplicationSupportsIndirectInputEvents = YES;
				INFOPLIST_KEY_UILaunchStoryboardName = LaunchScreen;
				INFOPLIST_KEY_UISupportedInterfaceOrientations = UIInterfaceOrientationPortrait;
				INFOPLIST_KEY_UISupportedInterfaceOrientations_iPad = "UIInterfaceOrientationPortrait UIInterfaceOrientationPortraitUpsideDown UIInterfaceOrientationLandscapeLeft UIInterfaceOrientationLandscapeRight";
				INFOPLIST_KEY_UISupportedInterfaceOrientations_iPhone = "UIInterfaceOrientationPortrait UIInterfaceOrientationLandscapeLeft UIInterfaceOrientationLandscapeRight";
				IPHONEOS_DEPLOYMENT_TARGET = 15.0;
				LD_RUNPATH_SEARCH_PATHS = (
					"$(inherited)",
					"@executable_path/Frameworks",
				);
				MARKETING_VERSION = 1.0;
				PRODUCT_BUNDLE_IDENTIFIER = com.aelptos.GPXExporter;
				PRODUCT_NAME = "$(TARGET_NAME)";
				SWIFT_EMIT_LOC_STRINGS = YES;
				SWIFT_VERSION = 5.0;
				TARGETED_DEVICE_FAMILY = 1;
			};
			name = Debug;
		};
		8224C69D28A66CCB008CA973 /* Release */ = {
			isa = XCBuildConfiguration;
			buildSettings = {
				ASSETCATALOG_COMPILER_ALTERNATE_APPICON_NAMES = "AppIcon-Dark";
				ASSETCATALOG_COMPILER_APPICON_NAME = AppIcon;
				ASSETCATALOG_COMPILER_GLOBAL_ACCENT_COLOR_NAME = AccentColor;
				ASSETCATALOG_COMPILER_INCLUDE_ALL_APPICON_ASSETS = YES;
				CODE_SIGN_ENTITLEMENTS = GPXExporter/GPXExporter.entitlements;
				CODE_SIGN_STYLE = Automatic;
				CURRENT_PROJECT_VERSION = 1;
				DEVELOPMENT_TEAM = B9F9P95LAY;
				GENERATE_INFOPLIST_FILE = YES;
				INFOPLIST_KEY_NSHealthShareUsageDescription = "Required to access workouts and their routes";
				INFOPLIST_KEY_NSLocationWhenInUseUsageDescription = "Required to show your position on the map";
				INFOPLIST_KEY_UIApplicationSupportsIndirectInputEvents = YES;
				INFOPLIST_KEY_UILaunchStoryboardName = LaunchScreen;
				INFOPLIST_KEY_UISupportedInterfaceOrientations = UIInterfaceOrientationPortrait;
				INFOPLIST_KEY_UISupportedInterfaceOrientations_iPad = "UIInterfaceOrientationPortrait UIInterfaceOrientationPortraitUpsideDown UIInterfaceOrientationLandscapeLeft UIInterfaceOrientationLandscapeRight";
				INFOPLIST_KEY_UISupportedInterfaceOrientations_iPhone = "UIInterfaceOrientationPortrait UIInterfaceOrientationLandscapeLeft UIInterfaceOrientationLandscapeRight";
				IPHONEOS_DEPLOYMENT_TARGET = 15.0;
				LD_RUNPATH_SEARCH_PATHS = (
					"$(inherited)",
					"@executable_path/Frameworks",
				);
				MARKETING_VERSION = 1.0;
				PRODUCT_BUNDLE_IDENTIFIER = com.aelptos.GPXExporter;
				PRODUCT_NAME = "$(TARGET_NAME)";
				SWIFT_EMIT_LOC_STRINGS = YES;
				SWIFT_VERSION = 5.0;
				TARGETED_DEVICE_FAMILY = 1;
			};
			name = Release;
		};
/* End XCBuildConfiguration section */

/* Begin XCConfigurationList section */
		8224C68228A66CCA008CA973 /* Build configuration list for PBXProject "GPXExporter" */ = {
			isa = XCConfigurationList;
			buildConfigurations = (
				8224C69928A66CCB008CA973 /* Debug */,
				8224C69A28A66CCB008CA973 /* Release */,
			);
			defaultConfigurationIsVisible = 0;
			defaultConfigurationName = Release;
		};
		8224C69B28A66CCB008CA973 /* Build configuration list for PBXNativeTarget "GPXExporter" */ = {
			isa = XCConfigurationList;
			buildConfigurations = (
				8224C69C28A66CCB008CA973 /* Debug */,
				8224C69D28A66CCB008CA973 /* Release */,
			);
			defaultConfigurationIsVisible = 0;
			defaultConfigurationName = Release;
		};
/* End XCConfigurationList section */
	};
	rootObject = 8224C67F28A66CCA008CA973 /* Project object */;
}
