// !$*UTF8*$!
{
	archiveVersion = 1;
	classes = {
	};
	objectVersion = 56;
	objects = {

/* Begin PBXBuildFile section */
		82116D7429C786AC00F150F3 /* BearingPointAnnotation.swift in Sources */ = {isa = PBXBuildFile; fileRef = 82116D7329C786AC00F150F3 /* BearingPointAnnotation.swift */; };
		823FB6E829C4D36700621C5B /* GPXApp.swift in Sources */ = {isa = PBXBuildFile; fileRef = 823FB6E729C4D36700621C5B /* GPXApp.swift */; };
		823FB6EC29C4D36800621C5B /* Assets.xcassets in Resources */ = {isa = PBXBuildFile; fileRef = 823FB6EB29C4D36800621C5B /* Assets.xcassets */; };
		823FB6EF29C4D36800621C5B /* Preview Assets.xcassets in Resources */ = {isa = PBXBuildFile; fileRef = 823FB6EE29C4D36800621C5B /* Preview Assets.xcassets */; };
		823FB6F929C4D50400621C5B /* InfoPlist.strings in Resources */ = {isa = PBXBuildFile; fileRef = 823FB6FB29C4D50400621C5B /* InfoPlist.strings */; };
		823FB6FE29C4D52F00621C5B /* String+Localization.swift in Sources */ = {isa = PBXBuildFile; fileRef = 823FB6FD29C4D52F00621C5B /* String+Localization.swift */; };
		823FB70229C4D56E00621C5B /* WorkoutsView.swift in Sources */ = {isa = PBXBuildFile; fileRef = 823FB70129C4D56E00621C5B /* WorkoutsView.swift */; };
		823FB70529C4D9B200621C5B /* Localizable.strings in Resources */ = {isa = PBXBuildFile; fileRef = 823FB70729C4D9B200621C5B /* Localizable.strings */; };
		82D6A7E629C4F5210074B9C8 /* MessageView.swift in Sources */ = {isa = PBXBuildFile; fileRef = 82D6A7E529C4F5210074B9C8 /* MessageView.swift */; };
		82D6A7E929C4FA0F0074B9C8 /* GPXExportHelper.swift in Sources */ = {isa = PBXBuildFile; fileRef = 82D6A7E829C4FA0F0074B9C8 /* GPXExportHelper.swift */; };
		82D6A7EB29C4FA140074B9C8 /* HealthKitHelper.swift in Sources */ = {isa = PBXBuildFile; fileRef = 82D6A7EA29C4FA140074B9C8 /* HealthKitHelper.swift */; };
		82D6A7ED29C4FA400074B9C8 /* HealthKitHelperProtocol.swift in Sources */ = {isa = PBXBuildFile; fileRef = 82D6A7EC29C4FA400074B9C8 /* HealthKitHelperProtocol.swift */; };
		82D6A7F029C50A6E0074B9C8 /* WorkoutView.swift in Sources */ = {isa = PBXBuildFile; fileRef = 82D6A7EF29C50A6E0074B9C8 /* WorkoutView.swift */; };
		82D6A7F229C50A8A0074B9C8 /* HKWorkout+Utils.swift in Sources */ = {isa = PBXBuildFile; fileRef = 82D6A7F129C50A8A0074B9C8 /* HKWorkout+Utils.swift */; };
		82D6A7F629C50B7D0074B9C8 /* Formatters.swift in Sources */ = {isa = PBXBuildFile; fileRef = 82D6A7F529C50B7D0074B9C8 /* Formatters.swift */; };
		82D6A7F829C50B9A0074B9C8 /* Double+Rounding.swift in Sources */ = {isa = PBXBuildFile; fileRef = 82D6A7F729C50B9A0074B9C8 /* Double+Rounding.swift */; };
		82D6A7FD29C5C4310074B9C8 /* StringInterpolation+Fromatting.swift in Sources */ = {isa = PBXBuildFile; fileRef = 82D6A7FC29C5C4310074B9C8 /* StringInterpolation+Fromatting.swift */; };
		82D6A80029C5C6200074B9C8 /* GPXExportHelperProtocol.swift in Sources */ = {isa = PBXBuildFile; fileRef = 82D6A7FF29C5C6200074B9C8 /* GPXExportHelperProtocol.swift */; };
		82D6A80229C5C7EA0074B9C8 /* Date+Components.swift in Sources */ = {isa = PBXBuildFile; fileRef = 82D6A80129C5C7EA0074B9C8 /* Date+Components.swift */; };
		82D6A80529C5CDFF0074B9C8 /* WorkoutDetailsView.swift in Sources */ = {isa = PBXBuildFile; fileRef = 82D6A80429C5CDFF0074B9C8 /* WorkoutDetailsView.swift */; };
		82D6A80729C5E14C0074B9C8 /* MockHealthKitHelper.swift in Sources */ = {isa = PBXBuildFile; fileRef = 82D6A80629C5E14C0074B9C8 /* MockHealthKitHelper.swift */; };
		82D6A80A29C5E42F0074B9C8 /* MapView.swift in Sources */ = {isa = PBXBuildFile; fileRef = 82D6A80929C5E42F0074B9C8 /* MapView.swift */; };
		82D6A80F29C5EA450074B9C8 /* View+Condition.swift in Sources */ = {isa = PBXBuildFile; fileRef = 82D6A80E29C5EA450074B9C8 /* View+Condition.swift */; };
		82D6A81129C5EE660074B9C8 /* UIActivityViewController+Utils.swift in Sources */ = {isa = PBXBuildFile; fileRef = 82D6A81029C5EE660074B9C8 /* UIActivityViewController+Utils.swift */; };
		82D6A81329C5EF8D0074B9C8 /* UIApplication+Windows.swift in Sources */ = {isa = PBXBuildFile; fileRef = 82D6A81229C5EF8D0074B9C8 /* UIApplication+Windows.swift */; };
		82D6A81629C5F53A0074B9C8 /* RouteView.swift in Sources */ = {isa = PBXBuildFile; fileRef = 82D6A81529C5F53A0074B9C8 /* RouteView.swift */; };
		82D6A81A29C6112F0074B9C8 /* CustomFullscreenView.swift in Sources */ = {isa = PBXBuildFile; fileRef = 82D6A81929C6112F0074B9C8 /* CustomFullscreenView.swift */; };
		82D6A81C29C615B80074B9C8 /* MKMultiPoint+Coordinates.swift in Sources */ = {isa = PBXBuildFile; fileRef = 82D6A81B29C615B80074B9C8 /* MKMultiPoint+Coordinates.swift */; };
		82D6A81E29C615DC0074B9C8 /* IdentifiablePointAnnotation.swift in Sources */ = {isa = PBXBuildFile; fileRef = 82D6A81D29C615DC0074B9C8 /* IdentifiablePointAnnotation.swift */; };
		82D6A82329C62A030074B9C8 /* GPXViewer.swift in Sources */ = {isa = PBXBuildFile; fileRef = 82D6A82229C62A030074B9C8 /* GPXViewer.swift */; };
		82D6A82629C62B6E0074B9C8 /* CoreGPX in Frameworks */ = {isa = PBXBuildFile; productRef = 82D6A82529C62B6E0074B9C8 /* CoreGPX */; };
		82D6A82B29C62BDC0074B9C8 /* GPXImportHelper.swift in Sources */ = {isa = PBXBuildFile; fileRef = 82D6A82A29C62BDC0074B9C8 /* GPXImportHelper.swift */; };
		82D6A82E29C6E6C30074B9C8 /* GPXWaypoint+Coordinate.swift in Sources */ = {isa = PBXBuildFile; fileRef = 82D6A82D29C6E6C30074B9C8 /* GPXWaypoint+Coordinate.swift */; };
		82D6A83029C6E6FD0074B9C8 /* GPXImportHelperProtocol.swift in Sources */ = {isa = PBXBuildFile; fileRef = 82D6A82F29C6E6FD0074B9C8 /* GPXImportHelperProtocol.swift */; };
		82D6A83329C6E84D0074B9C8 /* AnnotationTitle.swift in Sources */ = {isa = PBXBuildFile; fileRef = 82D6A83229C6E84D0074B9C8 /* AnnotationTitle.swift */; };
		82D6A83529C6E8610074B9C8 /* MapViewDelegate.swift in Sources */ = {isa = PBXBuildFile; fileRef = 82D6A83429C6E8610074B9C8 /* MapViewDelegate.swift */; };
		82D6A83729C6E87D0074B9C8 /* MapViewLocationManagerHelper.swift in Sources */ = {isa = PBXBuildFile; fileRef = 82D6A83629C6E87D0074B9C8 /* MapViewLocationManagerHelper.swift */; };
		82D6A83929C6E8A20074B9C8 /* MapViewUserButton.swift in Sources */ = {isa = PBXBuildFile; fileRef = 82D6A83829C6E8A20074B9C8 /* MapViewUserButton.swift */; };
		82D6A83B29C6EA9E0074B9C8 /* MapViewAnnotationsHelper.swift in Sources */ = {isa = PBXBuildFile; fileRef = 82D6A83A29C6EA9E0074B9C8 /* MapViewAnnotationsHelper.swift */; };
/* End PBXBuildFile section */

/* Begin PBXFileReference section */
		82116D7329C786AC00F150F3 /* BearingPointAnnotation.swift */ = {isa = PBXFileReference; fileEncoding = 4; lastKnownFileType = sourcecode.swift; path = BearingPointAnnotation.swift; sourceTree = "<group>"; };
		823FB6E429C4D36700621C5B /* GPX.app */ = {isa = PBXFileReference; explicitFileType = wrapper.application; includeInIndex = 0; path = GPX.app; sourceTree = BUILT_PRODUCTS_DIR; };
		823FB6E729C4D36700621C5B /* GPXApp.swift */ = {isa = PBXFileReference; lastKnownFileType = sourcecode.swift; path = GPXApp.swift; sourceTree = "<group>"; };
		823FB6EB29C4D36800621C5B /* Assets.xcassets */ = {isa = PBXFileReference; lastKnownFileType = folder.assetcatalog; path = Assets.xcassets; sourceTree = "<group>"; };
		823FB6EE29C4D36800621C5B /* Preview Assets.xcassets */ = {isa = PBXFileReference; lastKnownFileType = folder.assetcatalog; path = "Preview Assets.xcassets"; sourceTree = "<group>"; };
		823FB6F529C4D4B200621C5B /* GPX.entitlements */ = {isa = PBXFileReference; lastKnownFileType = text.plist.entitlements; path = GPX.entitlements; sourceTree = "<group>"; };
		823FB6FA29C4D50400621C5B /* en */ = {isa = PBXFileReference; lastKnownFileType = text.plist.strings; name = en; path = en.lproj/InfoPlist.strings; sourceTree = "<group>"; };
		823FB6FD29C4D52F00621C5B /* String+Localization.swift */ = {isa = PBXFileReference; fileEncoding = 4; lastKnownFileType = sourcecode.swift; path = "String+Localization.swift"; sourceTree = "<group>"; };
		823FB70129C4D56E00621C5B /* WorkoutsView.swift */ = {isa = PBXFileReference; lastKnownFileType = sourcecode.swift; path = WorkoutsView.swift; sourceTree = "<group>"; };
		823FB70629C4D9B200621C5B /* en */ = {isa = PBXFileReference; lastKnownFileType = text.plist.strings; name = en; path = en.lproj/Localizable.strings; sourceTree = "<group>"; };
		82D6A7E529C4F5210074B9C8 /* MessageView.swift */ = {isa = PBXFileReference; lastKnownFileType = sourcecode.swift; path = MessageView.swift; sourceTree = "<group>"; };
		82D6A7E829C4FA0F0074B9C8 /* GPXExportHelper.swift */ = {isa = PBXFileReference; fileEncoding = 4; lastKnownFileType = sourcecode.swift; path = GPXExportHelper.swift; sourceTree = "<group>"; };
		82D6A7EA29C4FA140074B9C8 /* HealthKitHelper.swift */ = {isa = PBXFileReference; fileEncoding = 4; lastKnownFileType = sourcecode.swift; path = HealthKitHelper.swift; sourceTree = "<group>"; };
		82D6A7EC29C4FA400074B9C8 /* HealthKitHelperProtocol.swift */ = {isa = PBXFileReference; lastKnownFileType = sourcecode.swift; path = HealthKitHelperProtocol.swift; sourceTree = "<group>"; };
		82D6A7EF29C50A6E0074B9C8 /* WorkoutView.swift */ = {isa = PBXFileReference; fileEncoding = 4; lastKnownFileType = sourcecode.swift; path = WorkoutView.swift; sourceTree = "<group>"; };
		82D6A7F129C50A8A0074B9C8 /* HKWorkout+Utils.swift */ = {isa = PBXFileReference; fileEncoding = 4; lastKnownFileType = sourcecode.swift; path = "HKWorkout+Utils.swift"; sourceTree = "<group>"; };
		82D6A7F529C50B7D0074B9C8 /* Formatters.swift */ = {isa = PBXFileReference; fileEncoding = 4; lastKnownFileType = sourcecode.swift; path = Formatters.swift; sourceTree = "<group>"; };
		82D6A7F729C50B9A0074B9C8 /* Double+Rounding.swift */ = {isa = PBXFileReference; fileEncoding = 4; lastKnownFileType = sourcecode.swift; path = "Double+Rounding.swift"; sourceTree = "<group>"; };
		82D6A7FC29C5C4310074B9C8 /* StringInterpolation+Fromatting.swift */ = {isa = PBXFileReference; lastKnownFileType = sourcecode.swift; path = "StringInterpolation+Fromatting.swift"; sourceTree = "<group>"; };
		82D6A7FF29C5C6200074B9C8 /* GPXExportHelperProtocol.swift */ = {isa = PBXFileReference; lastKnownFileType = sourcecode.swift; path = GPXExportHelperProtocol.swift; sourceTree = "<group>"; };
		82D6A80129C5C7EA0074B9C8 /* Date+Components.swift */ = {isa = PBXFileReference; fileEncoding = 4; lastKnownFileType = sourcecode.swift; path = "Date+Components.swift"; sourceTree = "<group>"; };
		82D6A80429C5CDFF0074B9C8 /* WorkoutDetailsView.swift */ = {isa = PBXFileReference; lastKnownFileType = sourcecode.swift; path = WorkoutDetailsView.swift; sourceTree = "<group>"; };
		82D6A80629C5E14C0074B9C8 /* MockHealthKitHelper.swift */ = {isa = PBXFileReference; lastKnownFileType = sourcecode.swift; path = MockHealthKitHelper.swift; sourceTree = "<group>"; };
		82D6A80929C5E42F0074B9C8 /* MapView.swift */ = {isa = PBXFileReference; lastKnownFileType = sourcecode.swift; path = MapView.swift; sourceTree = "<group>"; };
		82D6A80E29C5EA450074B9C8 /* View+Condition.swift */ = {isa = PBXFileReference; fileEncoding = 4; lastKnownFileType = sourcecode.swift; path = "View+Condition.swift"; sourceTree = "<group>"; };
		82D6A81029C5EE660074B9C8 /* UIActivityViewController+Utils.swift */ = {isa = PBXFileReference; lastKnownFileType = sourcecode.swift; path = "UIActivityViewController+Utils.swift"; sourceTree = "<group>"; };
		82D6A81229C5EF8D0074B9C8 /* UIApplication+Windows.swift */ = {isa = PBXFileReference; lastKnownFileType = sourcecode.swift; path = "UIApplication+Windows.swift"; sourceTree = "<group>"; };
		82D6A81529C5F53A0074B9C8 /* RouteView.swift */ = {isa = PBXFileReference; lastKnownFileType = sourcecode.swift; path = RouteView.swift; sourceTree = "<group>"; };
		82D6A81929C6112F0074B9C8 /* CustomFullscreenView.swift */ = {isa = PBXFileReference; lastKnownFileType = sourcecode.swift; path = CustomFullscreenView.swift; sourceTree = "<group>"; };
		82D6A81B29C615B80074B9C8 /* MKMultiPoint+Coordinates.swift */ = {isa = PBXFileReference; lastKnownFileType = sourcecode.swift; path = "MKMultiPoint+Coordinates.swift"; sourceTree = "<group>"; };
		82D6A81D29C615DC0074B9C8 /* IdentifiablePointAnnotation.swift */ = {isa = PBXFileReference; lastKnownFileType = sourcecode.swift; path = IdentifiablePointAnnotation.swift; sourceTree = "<group>"; };
		82D6A82229C62A030074B9C8 /* GPXViewer.swift */ = {isa = PBXFileReference; lastKnownFileType = sourcecode.swift; path = GPXViewer.swift; sourceTree = "<group>"; };
		82D6A82A29C62BDC0074B9C8 /* GPXImportHelper.swift */ = {isa = PBXFileReference; lastKnownFileType = sourcecode.swift; path = GPXImportHelper.swift; sourceTree = "<group>"; };
		82D6A82D29C6E6C30074B9C8 /* GPXWaypoint+Coordinate.swift */ = {isa = PBXFileReference; lastKnownFileType = sourcecode.swift; path = "GPXWaypoint+Coordinate.swift"; sourceTree = "<group>"; };
		82D6A82F29C6E6FD0074B9C8 /* GPXImportHelperProtocol.swift */ = {isa = PBXFileReference; lastKnownFileType = sourcecode.swift; path = GPXImportHelperProtocol.swift; sourceTree = "<group>"; };
		82D6A83229C6E84D0074B9C8 /* AnnotationTitle.swift */ = {isa = PBXFileReference; lastKnownFileType = sourcecode.swift; path = AnnotationTitle.swift; sourceTree = "<group>"; };
		82D6A83429C6E8610074B9C8 /* MapViewDelegate.swift */ = {isa = PBXFileReference; lastKnownFileType = sourcecode.swift; path = MapViewDelegate.swift; sourceTree = "<group>"; };
		82D6A83629C6E87D0074B9C8 /* MapViewLocationManagerHelper.swift */ = {isa = PBXFileReference; lastKnownFileType = sourcecode.swift; path = MapViewLocationManagerHelper.swift; sourceTree = "<group>"; };
		82D6A83829C6E8A20074B9C8 /* MapViewUserButton.swift */ = {isa = PBXFileReference; lastKnownFileType = sourcecode.swift; path = MapViewUserButton.swift; sourceTree = "<group>"; };
		82D6A83A29C6EA9E0074B9C8 /* MapViewAnnotationsHelper.swift */ = {isa = PBXFileReference; lastKnownFileType = sourcecode.swift; path = MapViewAnnotationsHelper.swift; sourceTree = "<group>"; };
/* End PBXFileReference section */

/* Begin PBXFrameworksBuildPhase section */
		823FB6E129C4D36700621C5B /* Frameworks */ = {
			isa = PBXFrameworksBuildPhase;
			buildActionMask = 2147483647;
			files = (
				82D6A82629C62B6E0074B9C8 /* CoreGPX in Frameworks */,
			);
			runOnlyForDeploymentPostprocessing = 0;
		};
/* End PBXFrameworksBuildPhase section */

/* Begin PBXGroup section */
		823FB6DB29C4D36700621C5B = {
			isa = PBXGroup;
			children = (
				823FB6E629C4D36700621C5B /* GPX */,
				823FB6E529C4D36700621C5B /* Products */,
			);
			sourceTree = "<group>";
		};
		823FB6E529C4D36700621C5B /* Products */ = {
			isa = PBXGroup;
			children = (
				823FB6E429C4D36700621C5B /* GPX.app */,
			);
			name = Products;
			sourceTree = "<group>";
		};
		823FB6E629C4D36700621C5B /* GPX */ = {
			isa = PBXGroup;
			children = (
				82D6A7E729C4F9FA0074B9C8 /* Business */,
				823FB6F629C4D4E900621C5B /* Data */,
				823FB6FF29C4D54C00621C5B /* UI */,
				823FB6F529C4D4B200621C5B /* GPX.entitlements */,
				823FB6E729C4D36700621C5B /* GPXApp.swift */,
				823FB6ED29C4D36800621C5B /* Preview Content */,
			);
			path = GPX;
			sourceTree = "<group>";
		};
		823FB6ED29C4D36800621C5B /* Preview Content */ = {
			isa = PBXGroup;
			children = (
				823FB6EE29C4D36800621C5B /* Preview Assets.xcassets */,
			);
			path = "Preview Content";
			sourceTree = "<group>";
		};
		823FB6F629C4D4E900621C5B /* Data */ = {
			isa = PBXGroup;
			children = (
				82D6A7F429C50B7D0074B9C8 /* Components */,
				823FB6FC29C4D51E00621C5B /* Extensions */,
				823FB6FB29C4D50400621C5B /* InfoPlist.strings */,
				823FB70729C4D9B200621C5B /* Localizable.strings */,
			);
			path = Data;
			sourceTree = "<group>";
		};
		823FB6FC29C4D51E00621C5B /* Extensions */ = {
			isa = PBXGroup;
			children = (
				82D6A80129C5C7EA0074B9C8 /* Date+Components.swift */,
				82D6A7F729C50B9A0074B9C8 /* Double+Rounding.swift */,
				82D6A82D29C6E6C30074B9C8 /* GPXWaypoint+Coordinate.swift */,
				82D6A7F129C50A8A0074B9C8 /* HKWorkout+Utils.swift */,
				823FB6FD29C4D52F00621C5B /* String+Localization.swift */,
				82D6A7FC29C5C4310074B9C8 /* StringInterpolation+Fromatting.swift */,
			);
			path = Extensions;
			sourceTree = "<group>";
		};
		823FB6FF29C4D54C00621C5B /* UI */ = {
			isa = PBXGroup;
			children = (
				82D6A80D29C5EA3D0074B9C8 /* Extensions */,
				82D6A7E329C4F50D0074B9C8 /* Screens */,
				82D6A7E429C4F5150074B9C8 /* Views */,
				823FB6EB29C4D36800621C5B /* Assets.xcassets */,
			);
			path = UI;
			sourceTree = "<group>";
		};
		82D6A7E329C4F50D0074B9C8 /* Screens */ = {
			isa = PBXGroup;
			children = (
				82D6A82229C62A030074B9C8 /* GPXViewer.swift */,
				82D6A81529C5F53A0074B9C8 /* RouteView.swift */,
				82D6A80429C5CDFF0074B9C8 /* WorkoutDetailsView.swift */,
				823FB70129C4D56E00621C5B /* WorkoutsView.swift */,
			);
			path = Screens;
			sourceTree = "<group>";
		};
		82D6A7E429C4F5150074B9C8 /* Views */ = {
			isa = PBXGroup;
			children = (
				82D6A83129C6E8420074B9C8 /* Map */,
				82D6A81929C6112F0074B9C8 /* CustomFullscreenView.swift */,
				82D6A7E529C4F5210074B9C8 /* MessageView.swift */,
				82D6A7EF29C50A6E0074B9C8 /* WorkoutView.swift */,
			);
			path = Views;
			sourceTree = "<group>";
		};
		82D6A7E729C4F9FA0074B9C8 /* Business */ = {
			isa = PBXGroup;
			children = (
				82D6A7FE29C5C6110074B9C8 /* GPXExportHelper */,
				82D6A82929C62BC40074B9C8 /* GPXImportHelper */,
				82D6A7EE29C4FA4A0074B9C8 /* HealthKitHelper */,
			);
			path = Business;
			sourceTree = "<group>";
		};
		82D6A7EE29C4FA4A0074B9C8 /* HealthKitHelper */ = {
			isa = PBXGroup;
			children = (
				82D6A7EA29C4FA140074B9C8 /* HealthKitHelper.swift */,
				82D6A7EC29C4FA400074B9C8 /* HealthKitHelperProtocol.swift */,
				82D6A80629C5E14C0074B9C8 /* MockHealthKitHelper.swift */,
			);
			path = HealthKitHelper;
			sourceTree = "<group>";
		};
		82D6A7F429C50B7D0074B9C8 /* Components */ = {
			isa = PBXGroup;
			children = (
				82D6A7F529C50B7D0074B9C8 /* Formatters.swift */,
			);
			path = Components;
			sourceTree = "<group>";
		};
		82D6A7FE29C5C6110074B9C8 /* GPXExportHelper */ = {
			isa = PBXGroup;
			children = (
				82D6A7E829C4FA0F0074B9C8 /* GPXExportHelper.swift */,
				82D6A7FF29C5C6200074B9C8 /* GPXExportHelperProtocol.swift */,
			);
			path = GPXExportHelper;
			sourceTree = "<group>";
		};
		82D6A80D29C5EA3D0074B9C8 /* Extensions */ = {
			isa = PBXGroup;
			children = (
				82D6A81B29C615B80074B9C8 /* MKMultiPoint+Coordinates.swift */,
				82D6A81029C5EE660074B9C8 /* UIActivityViewController+Utils.swift */,
				82D6A81229C5EF8D0074B9C8 /* UIApplication+Windows.swift */,
				82D6A80E29C5EA450074B9C8 /* View+Condition.swift */,
			);
			path = Extensions;
			sourceTree = "<group>";
		};
		82D6A82929C62BC40074B9C8 /* GPXImportHelper */ = {
			isa = PBXGroup;
			children = (
				82D6A82A29C62BDC0074B9C8 /* GPXImportHelper.swift */,
				82D6A82F29C6E6FD0074B9C8 /* GPXImportHelperProtocol.swift */,
			);
			path = GPXImportHelper;
			sourceTree = "<group>";
		};
		82D6A83129C6E8420074B9C8 /* Map */ = {
			isa = PBXGroup;
			children = (
				82D6A83229C6E84D0074B9C8 /* AnnotationTitle.swift */,
				82116D7329C786AC00F150F3 /* BearingPointAnnotation.swift */,
				82D6A81D29C615DC0074B9C8 /* IdentifiablePointAnnotation.swift */,
				82D6A80929C5E42F0074B9C8 /* MapView.swift */,
				82D6A83A29C6EA9E0074B9C8 /* MapViewAnnotationsHelper.swift */,
				82D6A83429C6E8610074B9C8 /* MapViewDelegate.swift */,
				82D6A83629C6E87D0074B9C8 /* MapViewLocationManagerHelper.swift */,
				82D6A83829C6E8A20074B9C8 /* MapViewUserButton.swift */,
			);
			path = Map;
			sourceTree = "<group>";
		};
/* End PBXGroup section */

/* Begin PBXNativeTarget section */
		823FB6E329C4D36700621C5B /* GPX */ = {
			isa = PBXNativeTarget;
			buildConfigurationList = 823FB6F229C4D36800621C5B /* Build configuration list for PBXNativeTarget "GPX" */;
			buildPhases = (
				82D6A82C29C6E04B0074B9C8 /* SwiftFormat */,
				823FB6E029C4D36700621C5B /* Sources */,
				823FB6E129C4D36700621C5B /* Frameworks */,
				823FB6E229C4D36700621C5B /* Resources */,
			);
			buildRules = (
			);
			dependencies = (
			);
			name = GPX;
			packageProductDependencies = (
				82D6A82529C62B6E0074B9C8 /* CoreGPX */,
			);
			productName = GPX;
			productReference = 823FB6E429C4D36700621C5B /* GPX.app */;
			productType = "com.apple.product-type.application";
		};
/* End PBXNativeTarget section */

/* Begin PBXProject section */
		823FB6DC29C4D36700621C5B /* Project object */ = {
			isa = PBXProject;
			attributes = {
				BuildIndependentTargetsInParallel = 1;
				LastSwiftUpdateCheck = 1420;
				LastUpgradeCheck = 1420;
				TargetAttributes = {
					823FB6E329C4D36700621C5B = {
						CreatedOnToolsVersion = 14.2;
					};
				};
			};
			buildConfigurationList = 823FB6DF29C4D36700621C5B /* Build configuration list for PBXProject "GPX" */;
			compatibilityVersion = "Xcode 14.0";
			developmentRegion = en;
			hasScannedForEncodings = 0;
			knownRegions = (
				en,
				Base,
			);
			mainGroup = 823FB6DB29C4D36700621C5B;
			packageReferences = (
				82D6A82429C62B6E0074B9C8 /* XCRemoteSwiftPackageReference "CoreGPX" */,
			);
			productRefGroup = 823FB6E529C4D36700621C5B /* Products */;
			projectDirPath = "";
			projectRoot = "";
			targets = (
				823FB6E329C4D36700621C5B /* GPX */,
			);
		};
/* End PBXProject section */

/* Begin PBXResourcesBuildPhase section */
		823FB6E229C4D36700621C5B /* Resources */ = {
			isa = PBXResourcesBuildPhase;
			buildActionMask = 2147483647;
			files = (
				823FB6EF29C4D36800621C5B /* Preview Assets.xcassets in Resources */,
				823FB70529C4D9B200621C5B /* Localizable.strings in Resources */,
				823FB6F929C4D50400621C5B /* InfoPlist.strings in Resources */,
				823FB6EC29C4D36800621C5B /* Assets.xcassets in Resources */,
			);
			runOnlyForDeploymentPostprocessing = 0;
		};
/* End PBXResourcesBuildPhase section */

/* Begin PBXShellScriptBuildPhase section */
		82D6A82C29C6E04B0074B9C8 /* SwiftFormat */ = {
			isa = PBXShellScriptBuildPhase;
			alwaysOutOfDate = 1;
			buildActionMask = 2147483647;
			files = (
			);
			inputFileListPaths = (
			);
			inputPaths = (
			);
			name = SwiftFormat;
			outputFileListPaths = (
			);
			outputPaths = (
			);
			runOnlyForDeploymentPostprocessing = 0;
			shellPath = /bin/sh;
			shellScript = "if [ $ENABLE_PREVIEWS = NO ]; then\n    BuildTools/format.sh\nelse\n    echo \"SwiftFormat aborted, running for generating SwiftUI previews...\"\nfi\n";
		};
/* End PBXShellScriptBuildPhase section */

/* Begin PBXSourcesBuildPhase section */
		823FB6E029C4D36700621C5B /* Sources */ = {
			isa = PBXSourcesBuildPhase;
			buildActionMask = 2147483647;
			files = (
				82D6A81629C5F53A0074B9C8 /* RouteView.swift in Sources */,
				82D6A83029C6E6FD0074B9C8 /* GPXImportHelperProtocol.swift in Sources */,
				82D6A7E629C4F5210074B9C8 /* MessageView.swift in Sources */,
				823FB6FE29C4D52F00621C5B /* String+Localization.swift in Sources */,
				82D6A82329C62A030074B9C8 /* GPXViewer.swift in Sources */,
				82D6A81E29C615DC0074B9C8 /* IdentifiablePointAnnotation.swift in Sources */,
				82D6A7F029C50A6E0074B9C8 /* WorkoutView.swift in Sources */,
				82D6A83729C6E87D0074B9C8 /* MapViewLocationManagerHelper.swift in Sources */,
				82D6A81C29C615B80074B9C8 /* MKMultiPoint+Coordinates.swift in Sources */,
				82D6A7E929C4FA0F0074B9C8 /* GPXExportHelper.swift in Sources */,
				82D6A82E29C6E6C30074B9C8 /* GPXWaypoint+Coordinate.swift in Sources */,
				82D6A81A29C6112F0074B9C8 /* CustomFullscreenView.swift in Sources */,
				82D6A81129C5EE660074B9C8 /* UIActivityViewController+Utils.swift in Sources */,
				82D6A83329C6E84D0074B9C8 /* AnnotationTitle.swift in Sources */,
				82D6A83529C6E8610074B9C8 /* MapViewDelegate.swift in Sources */,
				82D6A80229C5C7EA0074B9C8 /* Date+Components.swift in Sources */,
				82D6A7FD29C5C4310074B9C8 /* StringInterpolation+Fromatting.swift in Sources */,
				82D6A83B29C6EA9E0074B9C8 /* MapViewAnnotationsHelper.swift in Sources */,
				82D6A80A29C5E42F0074B9C8 /* MapView.swift in Sources */,
				823FB70229C4D56E00621C5B /* WorkoutsView.swift in Sources */,
				82D6A7F829C50B9A0074B9C8 /* Double+Rounding.swift in Sources */,
				82D6A7ED29C4FA400074B9C8 /* HealthKitHelperProtocol.swift in Sources */,
				82D6A7EB29C4FA140074B9C8 /* HealthKitHelper.swift in Sources */,
				82D6A81329C5EF8D0074B9C8 /* UIApplication+Windows.swift in Sources */,
				82D6A80F29C5EA450074B9C8 /* View+Condition.swift in Sources */,
				82D6A80729C5E14C0074B9C8 /* MockHealthKitHelper.swift in Sources */,
				823FB6E829C4D36700621C5B /* GPXApp.swift in Sources */,
				82D6A83929C6E8A20074B9C8 /* MapViewUserButton.swift in Sources */,
				82116D7429C786AC00F150F3 /* BearingPointAnnotation.swift in Sources */,
				82D6A7F629C50B7D0074B9C8 /* Formatters.swift in Sources */,
				82D6A7F229C50A8A0074B9C8 /* HKWorkout+Utils.swift in Sources */,
				82D6A82B29C62BDC0074B9C8 /* GPXImportHelper.swift in Sources */,
				82D6A80029C5C6200074B9C8 /* GPXExportHelperProtocol.swift in Sources */,
				82D6A80529C5CDFF0074B9C8 /* WorkoutDetailsView.swift in Sources */,
			);
			runOnlyForDeploymentPostprocessing = 0;
		};
/* End PBXSourcesBuildPhase section */

/* Begin PBXVariantGroup section */
		823FB6FB29C4D50400621C5B /* InfoPlist.strings */ = {
			isa = PBXVariantGroup;
			children = (
				823FB6FA29C4D50400621C5B /* en */,
			);
			name = InfoPlist.strings;
			sourceTree = "<group>";
		};
		823FB70729C4D9B200621C5B /* Localizable.strings */ = {
			isa = PBXVariantGroup;
			children = (
				823FB70629C4D9B200621C5B /* en */,
			);
			name = Localizable.strings;
			sourceTree = "<group>";
		};
/* End PBXVariantGroup section */

/* Begin XCBuildConfiguration section */
		823FB6F029C4D36800621C5B /* Debug */ = {
			isa = XCBuildConfiguration;
			buildSettings = {
				ALWAYS_SEARCH_USER_PATHS = NO;
				CLANG_ANALYZER_NONNULL = YES;
				CLANG_ANALYZER_NUMBER_OBJECT_CONVERSION = YES_AGGRESSIVE;
				CLANG_CXX_LANGUAGE_STANDARD = "gnu++20";
				CLANG_ENABLE_MODULES = YES;
				CLANG_ENABLE_OBJC_ARC = YES;
				CLANG_ENABLE_OBJC_WEAK = YES;
				CLANG_WARN_BLOCK_CAPTURE_AUTORELEASING = YES;
				CLANG_WARN_BOOL_CONVERSION = YES;
				CLANG_WARN_COMMA = YES;
				CLANG_WARN_CONSTANT_CONVERSION = YES;
				CLANG_WARN_DEPRECATED_OBJC_IMPLEMENTATIONS = YES;
				CLANG_WARN_DIRECT_OBJC_ISA_USAGE = YES_ERROR;
				CLANG_WARN_DOCUMENTATION_COMMENTS = YES;
				CLANG_WARN_EMPTY_BODY = YES;
				CLANG_WARN_ENUM_CONVERSION = YES;
				CLANG_WARN_INFINITE_RECURSION = YES;
				CLANG_WARN_INT_CONVERSION = YES;
				CLANG_WARN_NON_LITERAL_NULL_CONVERSION = YES;
				CLANG_WARN_OBJC_IMPLICIT_RETAIN_SELF = YES;
				CLANG_WARN_OBJC_LITERAL_CONVERSION = YES;
				CLANG_WARN_OBJC_ROOT_CLASS = YES_ERROR;
				CLANG_WARN_QUOTED_INCLUDE_IN_FRAMEWORK_HEADER = YES;
				CLANG_WARN_RANGE_LOOP_ANALYSIS = YES;
				CLANG_WARN_STRICT_PROTOTYPES = YES;
				CLANG_WARN_SUSPICIOUS_MOVE = YES;
				CLANG_WARN_UNGUARDED_AVAILABILITY = YES_AGGRESSIVE;
				CLANG_WARN_UNREACHABLE_CODE = YES;
				CLANG_WARN__DUPLICATE_METHOD_MATCH = YES;
				COPY_PHASE_STRIP = NO;
				DEBUG_INFORMATION_FORMAT = dwarf;
				ENABLE_STRICT_OBJC_MSGSEND = YES;
				ENABLE_TESTABILITY = YES;
				GCC_C_LANGUAGE_STANDARD = gnu11;
				GCC_DYNAMIC_NO_PIC = NO;
				GCC_NO_COMMON_BLOCKS = YES;
				GCC_OPTIMIZATION_LEVEL = 0;
				GCC_PREPROCESSOR_DEFINITIONS = (
					"DEBUG=1",
					"$(inherited)",
				);
				GCC_WARN_64_TO_32_BIT_CONVERSION = YES;
				GCC_WARN_ABOUT_RETURN_TYPE = YES_ERROR;
				GCC_WARN_UNDECLARED_SELECTOR = YES;
				GCC_WARN_UNINITIALIZED_AUTOS = YES_AGGRESSIVE;
				GCC_WARN_UNUSED_FUNCTION = YES;
				GCC_WARN_UNUSED_VARIABLE = YES;
				IPHONEOS_DEPLOYMENT_TARGET = 16.2;
				MTL_ENABLE_DEBUG_INFO = INCLUDE_SOURCE;
				MTL_FAST_MATH = YES;
				ONLY_ACTIVE_ARCH = YES;
				SDKROOT = iphoneos;
				SWIFT_ACTIVE_COMPILATION_CONDITIONS = DEBUG;
				SWIFT_OPTIMIZATION_LEVEL = "-Onone";
			};
			name = Debug;
		};
		823FB6F129C4D36800621C5B /* Release */ = {
			isa = XCBuildConfiguration;
			buildSettings = {
				ALWAYS_SEARCH_USER_PATHS = NO;
				CLANG_ANALYZER_NONNULL = YES;
				CLANG_ANALYZER_NUMBER_OBJECT_CONVERSION = YES_AGGRESSIVE;
				CLANG_CXX_LANGUAGE_STANDARD = "gnu++20";
				CLANG_ENABLE_MODULES = YES;
				CLANG_ENABLE_OBJC_ARC = YES;
				CLANG_ENABLE_OBJC_WEAK = YES;
				CLANG_WARN_BLOCK_CAPTURE_AUTORELEASING = YES;
				CLANG_WARN_BOOL_CONVERSION = YES;
				CLANG_WARN_COMMA = YES;
				CLANG_WARN_CONSTANT_CONVERSION = YES;
				CLANG_WARN_DEPRECATED_OBJC_IMPLEMENTATIONS = YES;
				CLANG_WARN_DIRECT_OBJC_ISA_USAGE = YES_ERROR;
				CLANG_WARN_DOCUMENTATION_COMMENTS = YES;
				CLANG_WARN_EMPTY_BODY = YES;
				CLANG_WARN_ENUM_CONVERSION = YES;
				CLANG_WARN_INFINITE_RECURSION = YES;
				CLANG_WARN_INT_CONVERSION = YES;
				CLANG_WARN_NON_LITERAL_NULL_CONVERSION = YES;
				CLANG_WARN_OBJC_IMPLICIT_RETAIN_SELF = YES;
				CLANG_WARN_OBJC_LITERAL_CONVERSION = YES;
				CLANG_WARN_OBJC_ROOT_CLASS = YES_ERROR;
				CLANG_WARN_QUOTED_INCLUDE_IN_FRAMEWORK_HEADER = YES;
				CLANG_WARN_RANGE_LOOP_ANALYSIS = YES;
				CLANG_WARN_STRICT_PROTOTYPES = YES;
				CLANG_WARN_SUSPICIOUS_MOVE = YES;
				CLANG_WARN_UNGUARDED_AVAILABILITY = YES_AGGRESSIVE;
				CLANG_WARN_UNREACHABLE_CODE = YES;
				CLANG_WARN__DUPLICATE_METHOD_MATCH = YES;
				COPY_PHASE_STRIP = NO;
				DEBUG_INFORMATION_FORMAT = "dwarf-with-dsym";
				ENABLE_NS_ASSERTIONS = NO;
				ENABLE_STRICT_OBJC_MSGSEND = YES;
				GCC_C_LANGUAGE_STANDARD = gnu11;
				GCC_NO_COMMON_BLOCKS = YES;
				GCC_WARN_64_TO_32_BIT_CONVERSION = YES;
				GCC_WARN_ABOUT_RETURN_TYPE = YES_ERROR;
				GCC_WARN_UNDECLARED_SELECTOR = YES;
				GCC_WARN_UNINITIALIZED_AUTOS = YES_AGGRESSIVE;
				GCC_WARN_UNUSED_FUNCTION = YES;
				GCC_WARN_UNUSED_VARIABLE = YES;
				IPHONEOS_DEPLOYMENT_TARGET = 16.2;
				MTL_ENABLE_DEBUG_INFO = NO;
				MTL_FAST_MATH = YES;
				SDKROOT = iphoneos;
				SWIFT_COMPILATION_MODE = wholemodule;
				SWIFT_OPTIMIZATION_LEVEL = "-O";
				VALIDATE_PRODUCT = YES;
			};
			name = Release;
		};
		823FB6F329C4D36800621C5B /* Debug */ = {
			isa = XCBuildConfiguration;
			buildSettings = {
				ASSETCATALOG_COMPILER_APPICON_NAME = AppIcon;
				ASSETCATALOG_COMPILER_GLOBAL_ACCENT_COLOR_NAME = AccentColor;
				CODE_SIGN_ENTITLEMENTS = GPX/GPX.entitlements;
				CODE_SIGN_STYLE = Automatic;
				CURRENT_PROJECT_VERSION = 1;
				DEVELOPMENT_ASSET_PATHS = "\"GPX/Preview Content\"";
				DEVELOPMENT_TEAM = B9F9P95LAY;
				ENABLE_PREVIEWS = YES;
				GENERATE_INFOPLIST_FILE = YES;
				INFOPLIST_KEY_NSHealthShareUsageDescription = "See InfoPlist.strings";
				INFOPLIST_KEY_NSLocationWhenInUseUsageDescription = "See Info.plist.strings";
				INFOPLIST_KEY_UIApplicationSceneManifest_Generation = YES;
				INFOPLIST_KEY_UIApplicationSupportsIndirectInputEvents = YES;
				INFOPLIST_KEY_UILaunchScreen_Generation = YES;
				INFOPLIST_KEY_UISupportedInterfaceOrientations = UIInterfaceOrientationPortrait;
				INFOPLIST_KEY_UISupportedInterfaceOrientations_iPad = "UIInterfaceOrientationLandscapeLeft UIInterfaceOrientationLandscapeRight UIInterfaceOrientationPortrait UIInterfaceOrientationPortraitUpsideDown";
				IPHONEOS_DEPLOYMENT_TARGET = 16.0;
				LD_RUNPATH_SEARCH_PATHS = (
					"$(inherited)",
					"@executable_path/Frameworks",
				);
				MARKETING_VERSION = 1.0;
				PRODUCT_BUNDLE_IDENTIFIER = com.aelptos.GPX;
				PRODUCT_NAME = "$(TARGET_NAME)";
				SUPPORTED_PLATFORMS = "iphoneos iphonesimulator";
				SUPPORTS_MACCATALYST = NO;
				SUPPORTS_MAC_DESIGNED_FOR_IPHONE_IPAD = NO;
				SWIFT_EMIT_LOC_STRINGS = YES;
				SWIFT_VERSION = 5.0;
				TARGETED_DEVICE_FAMILY = 1;
			};
			name = Debug;
		};
		823FB6F429C4D36800621C5B /* Release */ = {
			isa = XCBuildConfiguration;
			buildSettings = {
				ASSETCATALOG_COMPILER_APPICON_NAME = AppIcon;
				ASSETCATALOG_COMPILER_GLOBAL_ACCENT_COLOR_NAME = AccentColor;
				CODE_SIGN_ENTITLEMENTS = GPX/GPX.entitlements;
				CODE_SIGN_STYLE = Automatic;
				CURRENT_PROJECT_VERSION = 1;
				DEVELOPMENT_ASSET_PATHS = "\"GPX/Preview Content\"";
				DEVELOPMENT_TEAM = B9F9P95LAY;
				ENABLE_PREVIEWS = YES;
				GENERATE_INFOPLIST_FILE = YES;
				INFOPLIST_KEY_NSHealthShareUsageDescription = "See InfoPlist.strings";
				INFOPLIST_KEY_NSLocationWhenInUseUsageDescription = "See Info.plist.strings";
				INFOPLIST_KEY_UIApplicationSceneManifest_Generation = YES;
				INFOPLIST_KEY_UIApplicationSupportsIndirectInputEvents = YES;
				INFOPLIST_KEY_UILaunchScreen_Generation = YES;
				INFOPLIST_KEY_UISupportedInterfaceOrientations = UIInterfaceOrientationPortrait;
				INFOPLIST_KEY_UISupportedInterfaceOrientations_iPad = "UIInterfaceOrientationLandscapeLeft UIInterfaceOrientationLandscapeRight UIInterfaceOrientationPortrait UIInterfaceOrientationPortraitUpsideDown";
				IPHONEOS_DEPLOYMENT_TARGET = 16.0;
				LD_RUNPATH_SEARCH_PATHS = (
					"$(inherited)",
					"@executable_path/Frameworks",
				);
				MARKETING_VERSION = 1.0;
				PRODUCT_BUNDLE_IDENTIFIER = com.aelptos.GPX;
				PRODUCT_NAME = "$(TARGET_NAME)";
				SUPPORTED_PLATFORMS = "iphoneos iphonesimulator";
				SUPPORTS_MACCATALYST = NO;
				SUPPORTS_MAC_DESIGNED_FOR_IPHONE_IPAD = NO;
				SWIFT_EMIT_LOC_STRINGS = YES;
				SWIFT_VERSION = 5.0;
				TARGETED_DEVICE_FAMILY = 1;
			};
			name = Release;
		};
/* End XCBuildConfiguration section */

/* Begin XCConfigurationList section */
		823FB6DF29C4D36700621C5B /* Build configuration list for PBXProject "GPX" */ = {
			isa = XCConfigurationList;
			buildConfigurations = (
				823FB6F029C4D36800621C5B /* Debug */,
				823FB6F129C4D36800621C5B /* Release */,
			);
			defaultConfigurationIsVisible = 0;
			defaultConfigurationName = Release;
		};
		823FB6F229C4D36800621C5B /* Build configuration list for PBXNativeTarget "GPX" */ = {
			isa = XCConfigurationList;
			buildConfigurations = (
				823FB6F329C4D36800621C5B /* Debug */,
				823FB6F429C4D36800621C5B /* Release */,
			);
			defaultConfigurationIsVisible = 0;
			defaultConfigurationName = Release;
		};
/* End XCConfigurationList section */

/* Begin XCRemoteSwiftPackageReference section */
		82D6A82429C62B6E0074B9C8 /* XCRemoteSwiftPackageReference "CoreGPX" */ = {
			isa = XCRemoteSwiftPackageReference;
			repositoryURL = "https://github.com/vincentneo/CoreGPX";
			requirement = {
				kind = upToNextMajorVersion;
				minimumVersion = 0.9.2;
			};
		};
/* End XCRemoteSwiftPackageReference section */

/* Begin XCSwiftPackageProductDependency section */
		82D6A82529C62B6E0074B9C8 /* CoreGPX */ = {
			isa = XCSwiftPackageProductDependency;
			package = 82D6A82429C62B6E0074B9C8 /* XCRemoteSwiftPackageReference "CoreGPX" */;
			productName = CoreGPX;
		};
/* End XCSwiftPackageProductDependency section */
	};
	rootObject = 823FB6DC29C4D36700621C5B /* Project object */;
}
